# This file is autogenerated, do not edit; changes may be undone by the next 'dep ensure'.


[[projects]]
  branch = "master"
  name = "github.com/Pallinder/go-randomdata"
  packages = ["."]
  revision = "b073033ef5a7c42a3f188393575a0850919777a6"

[[projects]]
  name = "github.com/favclip/genbase"
  packages = ["."]
  revision = "33e3f4f43761221e7ef1f0be35bad3711ae26cbd"
  version = "v1.0.0"

[[projects]]
  name = "github.com/favclip/golidator"
  packages = ["."]
  revision = "f8a22a68c32005c88762ff41a4139950b49263a9"
  version = "v2.0.1"

[[projects]]
  name = "github.com/favclip/jwg"
  packages = ["."]
  revision = "b2b45bf6165a5ec59d00691b6e3af2a21f9d0d7c"
  version = "v1.0.0"

[[projects]]
  name = "github.com/favclip/qbg"
  packages = [
    ".",
    "qbgutils"
  ]
  revision = "ae8057dfe96fdd9e23c88bf9ef5b616f231900c0"
  version = "v1.1.0"

[[projects]]
  branch = "master"
  name = "github.com/favclip/testerator"
  packages = [
    ".",
    "datastore",
    "memcache"
  ]
  revision = "04c1c0fc2a5a12ba14068ee37e764af81a4ac575"

[[projects]]
  name = "github.com/favclip/ucon"
  packages = [
    ".",
    "swagger"
  ]
  revision = "07a780f052a31ca8180b9bce3d46424fa9bcc0cd"
  version = "v2.1.0"

[[projects]]
  name = "github.com/golang/protobuf"
  packages = ["proto"]
  revision = "b4deda0973fb4c70b50d226b1af49f3da59f5265"
  version = "v1.1.0"

[[projects]]
  name = "github.com/kisielk/gotool"
  packages = [
    ".",
    "internal/load"
  ]
  revision = "80517062f582ea3340cd4baf70e86d539ae7d84d"
  version = "v1.0.0"

[[projects]]
  branch = "master"
  name = "github.com/mjibson/goon"
  packages = ["."]
  revision = "0c01b4bc4f4970fa6f91409bf7f134a10809219c"

[[projects]]
  branch = "master"
  name = "golang.org/x/image"
  packages = ["bmp"]
  revision = "af66defab954cb421ca110193eed9477c8541e2a"

[[projects]]
  branch = "master"
  name = "golang.org/x/lint"
  packages = [
    ".",
    "golint"
  ]
  revision = "470b6b0bb3005eda157f0275e2e4895055396a81"

[[projects]]
  branch = "master"
  name = "golang.org/x/net"
  packages = ["context"]
  revision = "db08ff08e8622530d9ed3a0e8ac279f6d4c02196"

[[projects]]
  branch = "master"
  name = "golang.org/x/tools"
  packages = [
    "cmd/goimports",
    "go/ast/astutil",
    "go/buildutil",
    "go/gcexportdata",
    "go/internal/gcimporter",
    "go/loader",
    "go/types/typeutil",
    "imports",
    "internal/fastwalk"
  ]
  revision = "c995a088887b4ae00a4c85a984117cbc8d86ca3d"

[[projects]]
  branch = "master"
  name = "google.golang.org/appengine"
  packages = [
    ".",
    "aetest",
    "datastore",
    "internal",
    "internal/app_identity",
    "internal/base",
    "internal/datastore",
    "internal/log",
    "internal/memcache",
    "internal/modules",
    "internal/remote_api",
    "internal/taskqueue",
    "internal/user",
    "log",
    "memcache",
    "taskqueue",
    "user"
  ]
  revision = "b1f26356af11148e710935ed1ac8a7f5702c7612"

[[projects]]
  name = "honnef.co/go/tools"
  packages = [
    "callgraph",
    "callgraph/static",
    "cmd/gosimple",
    "cmd/staticcheck",
    "cmd/unused",
    "deprecated",
    "functions",
    "internal/sharedcheck",
    "lint",
    "lint/lintutil",
    "simple",
    "ssa",
    "ssa/ssautil",
    "staticcheck",
    "staticcheck/vrp",
    "unused",
    "version"
  ]
  revision = "d73ab98e7c39fdcf9ba65062e43d34310f198353"
  version = "2017.2.2"

[solve-meta]
  analyzer-name = "dep"
  analyzer-version = 1
  inputs-digest = "3e431838ade99495925bada70ee2afa20af88932590b3cd558aa17988640e4c4"
  solver-name = "gps-cdcl"
  solver-version = 1
